
Microsoft Visual Studio Solution File, Format Version 12.00
# Visual Studio Version 16
VisualStudioVersion = 16.0.32126.315
MinimumVisualStudioVersion = 10.0.40219.1
Project("{FAE04EC0-301F-11D3-BF4B-00C04F79EFBC}") = "RestaurantAPI", "RestaurantAPI\RestaurantAPI.csproj", "{91DFAA2F-D4A6-4D9F-94FD-BF38AD87513A}"
EndProject
Global
	GlobalSection(SolutionConfigurationPlatforms) = preSolution
		Debug|Any CPU = Debug|Any CPU
		Release|Any CPU = Release|Any CPU
	EndGlobalSection
	GlobalSection(ProjectConfigurationPlatforms) = postSolution
		{91DFAA2F-D4A6-4D9F-94FD-BF38AD87513A}.Debug|Any CPU.ActiveCfg = Debug|Any CPU
		{91DFAA2F-D4A6-4D9F-94FD-BF38AD87513A}.Debug|Any CPU.Build.0 = Debug|Any CPU
		{91DFAA2F-D4A6-4D9F-94FD-BF38AD87513A}.Release|Any CPU.ActiveCfg = Release|Any CPU
		{91DFAA2F-D4A6-4D9F-94FD-BF38AD87513A}.Release|Any CPU.Build.0 = Release|Any CPU
	EndGlobalSection
	GlobalSection(SolutionProperties) = preSolution
		HideSolutionNode = FALSE
	EndGlobalSection
	GlobalSection(ExtensibilityGlobals) = postSolution
		SolutionGuid = {E412990D-4C1D-4F61-A9F2-E4FC337F3560}
	EndGlobalSection
EndGlobal
